// !$*UTF8*$!
{
	archiveVersion = 1;
	classes = {
	};
	objectVersion = 55;
	objects = {

/* Begin PBXBuildFile section */
		E1B8696E282C6AFC001DCED8 /* AppDelegate.swift in Sources */ = {isa = PBXBuildFile; fileRef = E1B8696D282C6AFC001DCED8 /* AppDelegate.swift */; };
		E1B86970282C6AFC001DCED8 /* SceneDelegate.swift in Sources */ = {isa = PBXBuildFile; fileRef = E1B8696F282C6AFC001DCED8 /* SceneDelegate.swift */; };
		E1B86972282C6AFC001DCED8 /* ViewController.swift in Sources */ = {isa = PBXBuildFile; fileRef = E1B86971282C6AFC001DCED8 /* ViewController.swift */; };
		E1B86975282C6AFC001DCED8 /* Main.storyboard in Resources */ = {isa = PBXBuildFile; fileRef = E1B86973282C6AFC001DCED8 /* Main.storyboard */; };
		E1B86977282C6AFE001DCED8 /* Assets.xcassets in Resources */ = {isa = PBXBuildFile; fileRef = E1B86976282C6AFE001DCED8 /* Assets.xcassets */; };
		E1B8697A282C6AFE001DCED8 /* LaunchScreen.storyboard in Resources */ = {isa = PBXBuildFile; fileRef = E1B86978282C6AFE001DCED8 /* LaunchScreen.storyboard */; };
		E1B86982282C706E001DCED8 /* Pessoa.swift in Sources */ = {isa = PBXBuildFile; fileRef = E1B86981282C706E001DCED8 /* Pessoa.swift */; };
		E1B86984282C762A001DCED8 /* DetalheDaPessoaViewController.swift in Sources */ = {isa = PBXBuildFile; fileRef = E1B86983282C762A001DCED8 /* DetalheDaPessoaViewController.swift */; };
/* End PBXBuildFile section */

/* Begin PBXFileReference section */
		E1B8696A282C6AFC001DCED8 /* tabbarCorrecao.app */ = {isa = PBXFileReference; explicitFileType = wrapper.application; includeInIndex = 0; path = tabbarCorrecao.app; sourceTree = BUILT_PRODUCTS_DIR; };
		E1B8696D282C6AFC001DCED8 /* AppDelegate.swift */ = {isa = PBXFileReference; lastKnownFileType = sourcecode.swift; path = AppDelegate.swift; sourceTree = "<group>"; };
		E1B8696F282C6AFC001DCED8 /* SceneDelegate.swift */ = {isa = PBXFileReference; lastKnownFileType = sourcecode.swift; path = SceneDelegate.swift; sourceTree = "<group>"; };
		E1B86971282C6AFC001DCED8 /* ViewController.swift */ = {isa = PBXFileReference; lastKnownFileType = sourcecode.swift; path = ViewController.swift; sourceTree = "<group>"; };
		E1B86974282C6AFC001DCED8 /* Base */ = {isa = PBXFileReference; lastKnownFileType = file.storyboard; name = Base; path = Base.lproj/Main.storyboard; sourceTree = "<group>"; };
		E1B86976282C6AFE001DCED8 /* Assets.xcassets */ = {isa = PBXFileReference; lastKnownFileType = folder.assetcatalog; path = Assets.xcassets; sourceTree = "<group>"; };
		E1B86979282C6AFE001DCED8 /* Base */ = {isa = PBXFileReference; lastKnownFileType = file.storyboard; name = Base; path = Base.lproj/LaunchScreen.storyboard; sourceTree = "<group>"; };
		E1B8697B282C6AFE001DCED8 /* Info.plist */ = {isa = PBXFileReference; lastKnownFileType = text.plist.xml; path = Info.plist; sourceTree = "<group>"; };
		E1B86981282C706E001DCED8 /* Pessoa.swift */ = {isa = PBXFileReference; lastKnownFileType = sourcecode.swift; path = Pessoa.swift; sourceTree = "<group>"; };
		E1B86983282C762A001DCED8 /* DetalheDaPessoaViewController.swift */ = {isa = PBXFileReference; lastKnownFileType = sourcecode.swift; path = DetalheDaPessoaViewController.swift; sourceTree = "<group>"; };
/* End PBXFileReference section */

/* Begin PBXFrameworksBuildPhase section */
		E1B86967282C6AFB001DCED8 /* Frameworks */ = {
			isa = PBXFrameworksBuildPhase;
			buildActionMask = 2147483647;
			files = (
			);
			runOnlyForDeploymentPostprocessing = 0;
		};
/* End PBXFrameworksBuildPhase section */

/* Begin PBXGroup section */
		E1B86961282C6AFB001DCED8 = {
			isa = PBXGroup;
			children = (
				E1B8696C282C6AFC001DCED8 /* tabbarCorrecao */,
				E1B8696B282C6AFC001DCED8 /* Products */,
			);
			sourceTree = "<group>";
		};
		E1B8696B282C6AFC001DCED8 /* Products */ = {
			isa = PBXGroup;
			children = (
				E1B8696A282C6AFC001DCED8 /* tabbarCorrecao.app */,
			);
			name = Products;
			sourceTree = "<group>";
		};
		E1B8696C282C6AFC001DCED8 /* tabbarCorrecao */ = {
			isa = PBXGroup;
			children = (
				E1B8696D282C6AFC001DCED8 /* AppDelegate.swift */,
				E1B8696F282C6AFC001DCED8 /* SceneDelegate.swift */,
				E1B86971282C6AFC001DCED8 /* ViewController.swift */,
				E1B86973282C6AFC001DCED8 /* Main.storyboard */,
				E1B86976282C6AFE001DCED8 /* Assets.xcassets */,
				E1B86978282C6AFE001DCED8 /* LaunchScreen.storyboard */,
				E1B8697B282C6AFE001DCED8 /* Info.plist */,
				E1B86981282C706E001DCED8 /* Pessoa.swift */,
				E1B86983282C762A001DCED8 /* DetalheDaPessoaViewController.swift */,
			);
			path = tabbarCorrecao;
			sourceTree = "<group>";
		};
/* End PBXGroup section */

/* Begin PBXNativeTarget section */
		E1B86969282C6AFB001DCED8 /* tabbarCorrecao */ = {
			isa = PBXNativeTarget;
			buildConfigurationList = E1B8697E282C6AFE001DCED8 /* Build configuration list for PBXNativeTarget "tabbarCorrecao" */;
			buildPhases = (
				E1B86966282C6AFB001DCED8 /* Sources */,
				E1B86967282C6AFB001DCED8 /* Frameworks */,
				E1B86968282C6AFB001DCED8 /* Resources */,
			);
			buildRules = (
			);
			dependencies = (
			);
			name = tabbarCorrecao;
			productName = tabbarCorrecao;
			productReference = E1B8696A282C6AFC001DCED8 /* tabbarCorrecao.app */;
			productType = "com.apple.product-type.application";
		};
/* End PBXNativeTarget section */

/* Begin PBXProject section */
		E1B86962282C6AFB001DCED8 /* Project object */ = {
			isa = PBXProject;
			attributes = {
				BuildIndependentTargetsInParallel = 1;
				LastSwiftUpdateCheck = 1330;
				LastUpgradeCheck = 1330;
				TargetAttributes = {
					E1B86969282C6AFB001DCED8 = {
						CreatedOnToolsVersion = 13.3.1;
					};
				};
			};
			buildConfigurationList = E1B86965282C6AFB001DCED8 /* Build configuration list for PBXProject "tabbarCorrecao" */;
			compatibilityVersion = "Xcode 13.0";
			developmentRegion = en;
			hasScannedForEncodings = 0;
			knownRegions = (
				en,
				Base,
			);
			mainGroup = E1B86961282C6AFB001DCED8;
			productRefGroup = E1B8696B282C6AFC001DCED8 /* Products */;
			projectDirPath = "";
			projectRoot = "";
			targets = (
				E1B86969282C6AFB001DCED8 /* tabbarCorrecao */,
			);
		};
/* End PBXProject section */

/* Begin PBXResourcesBuildPhase section */
		E1B86968282C6AFB001DCED8 /* Resources */ = {
			isa = PBXResourcesBuildPhase;
			buildActionMask = 2147483647;
			files = (
				E1B8697A282C6AFE001DCED8 /* LaunchScreen.storyboard in Resources */,
				E1B86977282C6AFE001DCED8 /* Assets.xcassets in Resources */,
				E1B86975282C6AFC001DCED8 /* Main.storyboard in Resources */,
			);
			runOnlyForDeploymentPostprocessing = 0;
		};
/* End PBXResourcesBuildPhase section */

/* Begin PBXSourcesBuildPhase section */
		E1B86966282C6AFB001DCED8 /* Sources */ = {
			isa = PBXSourcesBuildPhase;
			buildActionMask = 2147483647;
			files = (
				E1B86972282C6AFC001DCED8 /* ViewController.swift in Sources */,
				E1B86984282C762A001DCED8 /* DetalheDaPessoaViewController.swift in Sources */,
				E1B8696E282C6AFC001DCED8 /* AppDelegate.swift in Sources */,
				E1B86982282C706E001DCED8 /* Pessoa.swift in Sources */,
				E1B86970282C6AFC001DCED8 /* SceneDelegate.swift in Sources */,
			);
			runOnlyForDeploymentPostprocessing = 0;
		};
/* End PBXSourcesBuildPhase section */

/* Begin PBXVariantGroup section */
		E1B86973282C6AFC001DCED8 /* Main.storyboard */ = {
			isa = PBXVariantGroup;
			children = (
				E1B86974282C6AFC001DCED8 /* Base */,
			);
			name = Main.storyboard;
			sourceTree = "<group>";
		};
		E1B86978282C6AFE001DCED8 /* LaunchScreen.storyboard */ = {
			isa = PBXVariantGroup;
			children = (
				E1B86979282C6AFE001DCED8 /* Base */,
			);
			name = LaunchScreen.storyboard;
			sourceTree = "<group>";
		};
/* End PBXVariantGroup section */

/* Begin XCBuildConfiguration section */
		E1B8697C282C6AFE001DCED8 /* Debug */ = {
			isa = XCBuildConfiguration;
			buildSettings = {
				ALWAYS_SEARCH_USER_PATHS = NO;
				CLANG_ANALYZER_NONNULL = YES;
				CLANG_ANALYZER_NUMBER_OBJECT_CONVERSION = YES_AGGRESSIVE;
				CLANG_CXX_LANGUAGE_STANDARD = "gnu++17";
				CLANG_ENABLE_MODULES = YES;
				CLANG_ENABLE_OBJC_ARC = YES;
				CLANG_ENABLE_OBJC_WEAK = YES;
				CLANG_WARN_BLOCK_CAPTURE_AUTORELEASING = YES;
				CLANG_WARN_BOOL_CONVERSION = YES;
				CLANG_WARN_COMMA = YES;
				CLANG_WARN_CONSTANT_CONVERSION = YES;
				CLANG_WARN_DEPRECATED_OBJC_IMPLEMENTATIONS = YES;
				CLANG_WARN_DIRECT_OBJC_ISA_USAGE = YES_ERROR;
				CLANG_WARN_DOCUMENTATION_COMMENTS = YES;
				CLANG_WARN_EMPTY_BODY = YES;
				CLANG_WARN_ENUM_CONVERSION = YES;
				CLANG_WARN_INFINITE_RECURSION = YES;
				CLANG_WARN_INT_CONVERSION = YES;
				CLANG_WARN_NON_LITERAL_NULL_CONVERSION = YES;
				CLANG_WARN_OBJC_IMPLICIT_RETAIN_SELF = YES;
				CLANG_WARN_OBJC_LITERAL_CONVERSION = YES;
				CLANG_WARN_OBJC_ROOT_CLASS = YES_ERROR;
				CLANG_WARN_QUOTED_INCLUDE_IN_FRAMEWORK_HEADER = YES;
				CLANG_WARN_RANGE_LOOP_ANALYSIS = YES;
				CLANG_WARN_STRICT_PROTOTYPES = YES;
				CLANG_WARN_SUSPICIOUS_MOVE = YES;
				CLANG_WARN_UNGUARDED_AVAILABILITY = YES_AGGRESSIVE;
				CLANG_WARN_UNREACHABLE_CODE = YES;
				CLANG_WARN__DUPLICATE_METHOD_MATCH = YES;
				COPY_PHASE_STRIP = NO;
				DEBUG_INFORMATION_FORMAT = dwarf;
				ENABLE_STRICT_OBJC_MSGSEND = YES;
				ENABLE_TESTABILITY = YES;
				GCC_C_LANGUAGE_STANDARD = gnu11;
				GCC_DYNAMIC_NO_PIC = NO;
				GCC_NO_COMMON_BLOCKS = YES;
				GCC_OPTIMIZATION_LEVEL = 0;
				GCC_PREPROCESSOR_DEFINITIONS = (
					"DEBUG=1",
					"$(inherited)",
				);
				GCC_WARN_64_TO_32_BIT_CONVERSION = YES;
				GCC_WARN_ABOUT_RETURN_TYPE = YES_ERROR;
				GCC_WARN_UNDECLARED_SELECTOR = YES;
				GCC_WARN_UNINITIALIZED_AUTOS = YES_AGGRESSIVE;
				GCC_WARN_UNUSED_FUNCTION = YES;
				GCC_WARN_UNUSED_VARIABLE = YES;
				IPHONEOS_DEPLOYMENT_TARGET = 15.4;
				MTL_ENABLE_DEBUG_INFO = INCLUDE_SOURCE;
				MTL_FAST_MATH = YES;
				ONLY_ACTIVE_ARCH = YES;
				SDKROOT = iphoneos;
				SWIFT_ACTIVE_COMPILATION_CONDITIONS = DEBUG;
				SWIFT_OPTIMIZATION_LEVEL = "-Onone";
			};
			name = Debug;
		};
		E1B8697D282C6AFE001DCED8 /* Release */ = {
			isa = XCBuildConfiguration;
			buildSettings = {
				ALWAYS_SEARCH_USER_PATHS = NO;
				CLANG_ANALYZER_NONNULL = YES;
				CLANG_ANALYZER_NUMBER_OBJECT_CONVERSION = YES_AGGRESSIVE;
				CLANG_CXX_LANGUAGE_STANDARD = "gnu++17";
				CLANG_ENABLE_MODULES = YES;
				CLANG_ENABLE_OBJC_ARC = YES;
				CLANG_ENABLE_OBJC_WEAK = YES;
				CLANG_WARN_BLOCK_CAPTURE_AUTORELEASING = YES;
				CLANG_WARN_BOOL_CONVERSION = YES;
				CLANG_WARN_COMMA = YES;
				CLANG_WARN_CONSTANT_CONVERSION = YES;
				CLANG_WARN_DEPRECATED_OBJC_IMPLEMENTATIONS = YES;
				CLANG_WARN_DIRECT_OBJC_ISA_USAGE = YES_ERROR;
				CLANG_WARN_DOCUMENTATION_COMMENTS = YES;
				CLANG_WARN_EMPTY_BODY = YES;
				CLANG_WARN_ENUM_CONVERSION = YES;
				CLANG_WARN_INFINITE_RECURSION = YES;
				CLANG_WARN_INT_CONVERSION = YES;
				CLANG_WARN_NON_LITERAL_NULL_CONVERSION = YES;
				CLANG_WARN_OBJC_IMPLICIT_RETAIN_SELF = YES;
				CLANG_WARN_OBJC_LITERAL_CONVERSION = YES;
				CLANG_WARN_OBJC_ROOT_CLASS = YES_ERROR;
				CLANG_WARN_QUOTED_INCLUDE_IN_FRAMEWORK_HEADER = YES;
				CLANG_WARN_RANGE_LOOP_ANALYSIS = YES;
				CLANG_WARN_STRICT_PROTOTYPES = YES;
				CLANG_WARN_SUSPICIOUS_MOVE = YES;
				CLANG_WARN_UNGUARDED_AVAILABILITY = YES_AGGRESSIVE;
				CLANG_WARN_UNREACHABLE_CODE = YES;
				CLANG_WARN__DUPLICATE_METHOD_MATCH = YES;
				COPY_PHASE_STRIP = NO;
				DEBUG_INFORMATION_FORMAT = "dwarf-with-dsym";
				ENABLE_NS_ASSERTIONS = NO;
				ENABLE_STRICT_OBJC_MSGSEND = YES;
				GCC_C_LANGUAGE_STANDARD = gnu11;
				GCC_NO_COMMON_BLOCKS = YES;
				GCC_WARN_64_TO_32_BIT_CONVERSION = YES;
				GCC_WARN_ABOUT_RETURN_TYPE = YES_ERROR;
				GCC_WARN_UNDECLARED_SELECTOR = YES;
				GCC_WARN_UNINITIALIZED_AUTOS = YES_AGGRESSIVE;
				GCC_WARN_UNUSED_FUNCTION = YES;
				GCC_WARN_UNUSED_VARIABLE = YES;
				IPHONEOS_DEPLOYMENT_TARGET = 15.4;
				MTL_ENABLE_DEBUG_INFO = NO;
				MTL_FAST_MATH = YES;
				SDKROOT = iphoneos;
				SWIFT_COMPILATION_MODE = wholemodule;
				SWIFT_OPTIMIZATION_LEVEL = "-O";
				VALIDATE_PRODUCT = YES;
			};
			name = Release;
		};
		E1B8697F282C6AFE001DCED8 /* Debug */ = {
			isa = XCBuildConfiguration;
			buildSettings = {
				ASSETCATALOG_COMPILER_APPICON_NAME = AppIcon;
				ASSETCATALOG_COMPILER_GLOBAL_ACCENT_COLOR_NAME = AccentColor;
				CODE_SIGN_STYLE = Automatic;
				CURRENT_PROJECT_VERSION = 1;
				GENERATE_INFOPLIST_FILE = YES;
				INFOPLIST_FILE = tabbarCorrecao/Info.plist;
				INFOPLIST_KEY_UIApplicationSupportsIndirectInputEvents = YES;
				INFOPLIST_KEY_UILaunchStoryboardName = LaunchScreen;
				INFOPLIST_KEY_UIMainStoryboardFile = Main;
				INFOPLIST_KEY_UISupportedInterfaceOrientations_iPad = "UIInterfaceOrientationPortrait UIInterfaceOrientationPortraitUpsideDown UIInterfaceOrientationLandscapeLeft UIInterfaceOrientationLandscapeRight";
				INFOPLIST_KEY_UISupportedInterfaceOrientations_iPhone = "UIInterfaceOrientationPortrait UIInterfaceOrientationLandscapeLeft UIInterfaceOrientationLandscapeRight";
				LD_RUNPATH_SEARCH_PATHS = (
					"$(inherited)",
					"@executable_path/Frameworks",
				);
				MARKETING_VERSION = 1.0;
				PRODUCT_BUNDLE_IDENTIFIER = teste.tabbarCorrecao;
				PRODUCT_NAME = "$(TARGET_NAME)";
				SWIFT_EMIT_LOC_STRINGS = YES;
				SWIFT_VERSION = 5.0;
				TARGETED_DEVICE_FAMILY = "1,2";
			};
			name = Debug;
		};
		E1B86980282C6AFE001DCED8 /* Release */ = {
			isa = XCBuildConfiguration;
			buildSettings = {
				ASSETCATALOG_COMPILER_APPICON_NAME = AppIcon;
				ASSETCATALOG_COMPILER_GLOBAL_ACCENT_COLOR_NAME = AccentColor;
				CODE_SIGN_STYLE = Automatic;
				CURRENT_PROJECT_VERSION = 1;
				GENERATE_INFOPLIST_FILE = YES;
				INFOPLIST_FILE = tabbarCorrecao/Info.plist;
				INFOPLIST_KEY_UIApplicationSupportsIndirectInputEvents = YES;
				INFOPLIST_KEY_UILaunchStoryboardName = LaunchScreen;
				INFOPLIST_KEY_UIMainStoryboardFile = Main;
				INFOPLIST_KEY_UISupportedInterfaceOrientations_iPad = "UIInterfaceOrientationPortrait UIInterfaceOrientationPortraitUpsideDown UIInterfaceOrientationLandscapeLeft UIInterfaceOrientationLandscapeRight";
				INFOPLIST_KEY_UISupportedInterfaceOrientations_iPhone = "UIInterfaceOrientationPortrait UIInterfaceOrientationLandscapeLeft UIInterfaceOrientationLandscapeRight";
				LD_RUNPATH_SEARCH_PATHS = (
					"$(inherited)",
					"@executable_path/Frameworks",
				);
				MARKETING_VERSION = 1.0;
				PRODUCT_BUNDLE_IDENTIFIER = teste.tabbarCorrecao;
				PRODUCT_NAME = "$(TARGET_NAME)";
				SWIFT_EMIT_LOC_STRINGS = YES;
				SWIFT_VERSION = 5.0;
				TARGETED_DEVICE_FAMILY = "1,2";
			};
			name = Release;
		};
/* End XCBuildConfiguration section */

/* Begin XCConfigurationList section */
		E1B86965282C6AFB001DCED8 /* Build configuration list for PBXProject "tabbarCorrecao" */ = {
			isa = XCConfigurationList;
			buildConfigurations = (
				E1B8697C282C6AFE001DCED8 /* Debug */,
				E1B8697D282C6AFE001DCED8 /* Release */,
			);
			defaultConfigurationIsVisible = 0;
			defaultConfigurationName = Release;
		};
		E1B8697E282C6AFE001DCED8 /* Build configuration list for PBXNativeTarget "tabbarCorrecao" */ = {
			isa = XCConfigurationList;
			buildConfigurations = (
				E1B8697F282C6AFE001DCED8 /* Debug */,
				E1B86980282C6AFE001DCED8 /* Release */,
			);
			defaultConfigurationIsVisible = 0;
			defaultConfigurationName = Release;
		};
/* End XCConfigurationList section */
	};
	rootObject = E1B86962282C6AFB001DCED8 /* Project object */;
}
