// !$*UTF8*$!
{
	archiveVersion = 1;
	classes = {
	};
	objectVersion = 50;
	objects = {

/* Begin PBXBuildFile section */
		E10EA82D26E2B9CE008F52D2 /* starwars.jpg in Resources */ = {isa = PBXBuildFile; fileRef = E10EA82726E2B9CE008F52D2 /* starwars.jpg */; };
		E10EA82E26E2B9CE008F52D2 /* startrek.jpg in Resources */ = {isa = PBXBuildFile; fileRef = E10EA82826E2B9CE008F52D2 /* startrek.jpg */; };
		E10EA82F26E2B9CE008F52D2 /* homemdeferro.jpeg in Resources */ = {isa = PBXBuildFile; fileRef = E10EA82926E2B9CE008F52D2 /* homemdeferro.jpeg */; };
		E10EA83026E2B9CE008F52D2 /* senhordosaneis.jpg in Resources */ = {isa = PBXBuildFile; fileRef = E10EA82A26E2B9CE008F52D2 /* senhordosaneis.jpg */; };
		E10EA83126E2B9CE008F52D2 /* capitao.jpg in Resources */ = {isa = PBXBuildFile; fileRef = E10EA82B26E2B9CE008F52D2 /* capitao.jpg */; };
		E10EA83226E2B9CE008F52D2 /* matrix.jpeg in Resources */ = {isa = PBXBuildFile; fileRef = E10EA82C26E2B9CE008F52D2 /* matrix.jpeg */; };
		E1F91E5126E030ED002F376D /* AppDelegate.swift in Sources */ = {isa = PBXBuildFile; fileRef = E1F91E5026E030ED002F376D /* AppDelegate.swift */; };
		E1F91E5326E030ED002F376D /* SceneDelegate.swift in Sources */ = {isa = PBXBuildFile; fileRef = E1F91E5226E030ED002F376D /* SceneDelegate.swift */; };
		E1F91E5526E030ED002F376D /* ViewController.swift in Sources */ = {isa = PBXBuildFile; fileRef = E1F91E5426E030ED002F376D /* ViewController.swift */; };
		E1F91E5826E030ED002F376D /* Main.storyboard in Resources */ = {isa = PBXBuildFile; fileRef = E1F91E5626E030ED002F376D /* Main.storyboard */; };
		E1F91E5A26E030EE002F376D /* Assets.xcassets in Resources */ = {isa = PBXBuildFile; fileRef = E1F91E5926E030EE002F376D /* Assets.xcassets */; };
		E1F91E5D26E030EE002F376D /* LaunchScreen.storyboard in Resources */ = {isa = PBXBuildFile; fileRef = E1F91E5B26E030EE002F376D /* LaunchScreen.storyboard */; };
		E1F91E6826E030EE002F376D /* aula_collectionviewTests.swift in Sources */ = {isa = PBXBuildFile; fileRef = E1F91E6726E030EE002F376D /* aula_collectionviewTests.swift */; };
		E1F91E7326E030EF002F376D /* aula_collectionviewUITests.swift in Sources */ = {isa = PBXBuildFile; fileRef = E1F91E7226E030EF002F376D /* aula_collectionviewUITests.swift */; };
		E1F91E8126E03F4B002F376D /* Movie.swift in Sources */ = {isa = PBXBuildFile; fileRef = E1F91E8026E03F4B002F376D /* Movie.swift */; };
		E1F91E8F26E04628002F376D /* MovieCollectionViewCell.swift in Sources */ = {isa = PBXBuildFile; fileRef = E1F91E8E26E04628002F376D /* MovieCollectionViewCell.swift */; };
/* End PBXBuildFile section */

/* Begin PBXContainerItemProxy section */
		E1F91E6426E030EE002F376D /* PBXContainerItemProxy */ = {
			isa = PBXContainerItemProxy;
			containerPortal = E1F91E4526E030ED002F376D /* Project object */;
			proxyType = 1;
			remoteGlobalIDString = E1F91E4C26E030ED002F376D;
			remoteInfo = aula_collectionview;
		};
		E1F91E6F26E030EF002F376D /* PBXContainerItemProxy */ = {
			isa = PBXContainerItemProxy;
			containerPortal = E1F91E4526E030ED002F376D /* Project object */;
			proxyType = 1;
			remoteGlobalIDString = E1F91E4C26E030ED002F376D;
			remoteInfo = aula_collectionview;
		};
/* End PBXContainerItemProxy section */

/* Begin PBXFileReference section */
		E10EA82726E2B9CE008F52D2 /* starwars.jpg */ = {isa = PBXFileReference; lastKnownFileType = image.jpeg; path = starwars.jpg; sourceTree = "<group>"; };
		E10EA82826E2B9CE008F52D2 /* startrek.jpg */ = {isa = PBXFileReference; lastKnownFileType = image.jpeg; path = startrek.jpg; sourceTree = "<group>"; };
		E10EA82926E2B9CE008F52D2 /* homemdeferro.jpeg */ = {isa = PBXFileReference; lastKnownFileType = image.jpeg; path = homemdeferro.jpeg; sourceTree = "<group>"; };
		E10EA82A26E2B9CE008F52D2 /* senhordosaneis.jpg */ = {isa = PBXFileReference; lastKnownFileType = image.jpeg; path = senhordosaneis.jpg; sourceTree = "<group>"; };
		E10EA82B26E2B9CE008F52D2 /* capitao.jpg */ = {isa = PBXFileReference; lastKnownFileType = image.jpeg; path = capitao.jpg; sourceTree = "<group>"; };
		E10EA82C26E2B9CE008F52D2 /* matrix.jpeg */ = {isa = PBXFileReference; lastKnownFileType = image.jpeg; path = matrix.jpeg; sourceTree = "<group>"; };
		E1F91E4D26E030ED002F376D /* aula_collectionview.app */ = {isa = PBXFileReference; explicitFileType = wrapper.application; includeInIndex = 0; path = aula_collectionview.app; sourceTree = BUILT_PRODUCTS_DIR; };
		E1F91E5026E030ED002F376D /* AppDelegate.swift */ = {isa = PBXFileReference; lastKnownFileType = sourcecode.swift; path = AppDelegate.swift; sourceTree = "<group>"; };
		E1F91E5226E030ED002F376D /* SceneDelegate.swift */ = {isa = PBXFileReference; lastKnownFileType = sourcecode.swift; path = SceneDelegate.swift; sourceTree = "<group>"; };
		E1F91E5426E030ED002F376D /* ViewController.swift */ = {isa = PBXFileReference; lastKnownFileType = sourcecode.swift; path = ViewController.swift; sourceTree = "<group>"; };
		E1F91E5726E030ED002F376D /* Base */ = {isa = PBXFileReference; lastKnownFileType = file.storyboard; name = Base; path = Base.lproj/Main.storyboard; sourceTree = "<group>"; };
		E1F91E5926E030EE002F376D /* Assets.xcassets */ = {isa = PBXFileReference; lastKnownFileType = folder.assetcatalog; path = Assets.xcassets; sourceTree = "<group>"; };
		E1F91E5C26E030EE002F376D /* Base */ = {isa = PBXFileReference; lastKnownFileType = file.storyboard; name = Base; path = Base.lproj/LaunchScreen.storyboard; sourceTree = "<group>"; };
		E1F91E5E26E030EE002F376D /* Info.plist */ = {isa = PBXFileReference; lastKnownFileType = text.plist.xml; path = Info.plist; sourceTree = "<group>"; };
		E1F91E6326E030EE002F376D /* aula_collectionviewTests.xctest */ = {isa = PBXFileReference; explicitFileType = wrapper.cfbundle; includeInIndex = 0; path = aula_collectionviewTests.xctest; sourceTree = BUILT_PRODUCTS_DIR; };
		E1F91E6726E030EE002F376D /* aula_collectionviewTests.swift */ = {isa = PBXFileReference; lastKnownFileType = sourcecode.swift; path = aula_collectionviewTests.swift; sourceTree = "<group>"; };
		E1F91E6926E030EE002F376D /* Info.plist */ = {isa = PBXFileReference; lastKnownFileType = text.plist.xml; path = Info.plist; sourceTree = "<group>"; };
		E1F91E6E26E030EF002F376D /* aula_collectionviewUITests.xctest */ = {isa = PBXFileReference; explicitFileType = wrapper.cfbundle; includeInIndex = 0; path = aula_collectionviewUITests.xctest; sourceTree = BUILT_PRODUCTS_DIR; };
		E1F91E7226E030EF002F376D /* aula_collectionviewUITests.swift */ = {isa = PBXFileReference; lastKnownFileType = sourcecode.swift; path = aula_collectionviewUITests.swift; sourceTree = "<group>"; };
		E1F91E7426E030EF002F376D /* Info.plist */ = {isa = PBXFileReference; lastKnownFileType = text.plist.xml; path = Info.plist; sourceTree = "<group>"; };
		E1F91E8026E03F4B002F376D /* Movie.swift */ = {isa = PBXFileReference; lastKnownFileType = sourcecode.swift; path = Movie.swift; sourceTree = "<group>"; };
		E1F91E8E26E04628002F376D /* MovieCollectionViewCell.swift */ = {isa = PBXFileReference; lastKnownFileType = sourcecode.swift; path = MovieCollectionViewCell.swift; sourceTree = "<group>"; };
/* End PBXFileReference section */

/* Begin PBXFrameworksBuildPhase section */
		E1F91E4A26E030ED002F376D /* Frameworks */ = {
			isa = PBXFrameworksBuildPhase;
			buildActionMask = 2147483647;
			files = (
			);
			runOnlyForDeploymentPostprocessing = 0;
		};
		E1F91E6026E030EE002F376D /* Frameworks */ = {
			isa = PBXFrameworksBuildPhase;
			buildActionMask = 2147483647;
			files = (
			);
			runOnlyForDeploymentPostprocessing = 0;
		};
		E1F91E6B26E030EF002F376D /* Frameworks */ = {
			isa = PBXFrameworksBuildPhase;
			buildActionMask = 2147483647;
			files = (
			);
			runOnlyForDeploymentPostprocessing = 0;
		};
/* End PBXFrameworksBuildPhase section */

/* Begin PBXGroup section */
		E1F91E4426E030ED002F376D = {
			isa = PBXGroup;
			children = (
				E1F91E4F26E030ED002F376D /* aula_collectionview */,
				E1F91E6626E030EE002F376D /* aula_collectionviewTests */,
				E1F91E7126E030EF002F376D /* aula_collectionviewUITests */,
				E1F91E4E26E030ED002F376D /* Products */,
			);
			sourceTree = "<group>";
		};
		E1F91E4E26E030ED002F376D /* Products */ = {
			isa = PBXGroup;
			children = (
				E1F91E4D26E030ED002F376D /* aula_collectionview.app */,
				E1F91E6326E030EE002F376D /* aula_collectionviewTests.xctest */,
				E1F91E6E26E030EF002F376D /* aula_collectionviewUITests.xctest */,
			);
			name = Products;
			sourceTree = "<group>";
		};
		E1F91E4F26E030ED002F376D /* aula_collectionview */ = {
			isa = PBXGroup;
			children = (
				E1F91E5026E030ED002F376D /* AppDelegate.swift */,
				E1F91E5226E030ED002F376D /* SceneDelegate.swift */,
				E1F91E5426E030ED002F376D /* ViewController.swift */,
				E1F91E5626E030ED002F376D /* Main.storyboard */,
				E1F91E5926E030EE002F376D /* Assets.xcassets */,
				E1F91E5B26E030EE002F376D /* LaunchScreen.storyboard */,
				E1F91E5E26E030EE002F376D /* Info.plist */,
				E1F91E8026E03F4B002F376D /* Movie.swift */,
				E1F91E8E26E04628002F376D /* MovieCollectionViewCell.swift */,
				E10EA82B26E2B9CE008F52D2 /* capitao.jpg */,
				E10EA82926E2B9CE008F52D2 /* homemdeferro.jpeg */,
				E10EA82C26E2B9CE008F52D2 /* matrix.jpeg */,
				E10EA82A26E2B9CE008F52D2 /* senhordosaneis.jpg */,
				E10EA82826E2B9CE008F52D2 /* startrek.jpg */,
				E10EA82726E2B9CE008F52D2 /* starwars.jpg */,
			);
			path = aula_collectionview;
			sourceTree = "<group>";
		};
		E1F91E6626E030EE002F376D /* aula_collectionviewTests */ = {
			isa = PBXGroup;
			children = (
				E1F91E6726E030EE002F376D /* aula_collectionviewTests.swift */,
				E1F91E6926E030EE002F376D /* Info.plist */,
			);
			path = aula_collectionviewTests;
			sourceTree = "<group>";
		};
		E1F91E7126E030EF002F376D /* aula_collectionviewUITests */ = {
			isa = PBXGroup;
			children = (
				E1F91E7226E030EF002F376D /* aula_collectionviewUITests.swift */,
				E1F91E7426E030EF002F376D /* Info.plist */,
			);
			path = aula_collectionviewUITests;
			sourceTree = "<group>";
		};
/* End PBXGroup section */

/* Begin PBXNativeTarget section */
		E1F91E4C26E030ED002F376D /* aula_collectionview */ = {
			isa = PBXNativeTarget;
			buildConfigurationList = E1F91E7726E030EF002F376D /* Build configuration list for PBXNativeTarget "aula_collectionview" */;
			buildPhases = (
				E1F91E4926E030ED002F376D /* Sources */,
				E1F91E4A26E030ED002F376D /* Frameworks */,
				E1F91E4B26E030ED002F376D /* Resources */,
			);
			buildRules = (
			);
			dependencies = (
			);
			name = aula_collectionview;
			productName = aula_collectionview;
			productReference = E1F91E4D26E030ED002F376D /* aula_collectionview.app */;
			productType = "com.apple.product-type.application";
		};
		E1F91E6226E030EE002F376D /* aula_collectionviewTests */ = {
			isa = PBXNativeTarget;
			buildConfigurationList = E1F91E7A26E030EF002F376D /* Build configuration list for PBXNativeTarget "aula_collectionviewTests" */;
			buildPhases = (
				E1F91E5F26E030EE002F376D /* Sources */,
				E1F91E6026E030EE002F376D /* Frameworks */,
				E1F91E6126E030EE002F376D /* Resources */,
			);
			buildRules = (
			);
			dependencies = (
				E1F91E6526E030EE002F376D /* PBXTargetDependency */,
			);
			name = aula_collectionviewTests;
			productName = aula_collectionviewTests;
			productReference = E1F91E6326E030EE002F376D /* aula_collectionviewTests.xctest */;
			productType = "com.apple.product-type.bundle.unit-test";
		};
		E1F91E6D26E030EF002F376D /* aula_collectionviewUITests */ = {
			isa = PBXNativeTarget;
			buildConfigurationList = E1F91E7D26E030EF002F376D /* Build configuration list for PBXNativeTarget "aula_collectionviewUITests" */;
			buildPhases = (
				E1F91E6A26E030EF002F376D /* Sources */,
				E1F91E6B26E030EF002F376D /* Frameworks */,
				E1F91E6C26E030EF002F376D /* Resources */,
			);
			buildRules = (
			);
			dependencies = (
				E1F91E7026E030EF002F376D /* PBXTargetDependency */,
			);
			name = aula_collectionviewUITests;
			productName = aula_collectionviewUITests;
			productReference = E1F91E6E26E030EF002F376D /* aula_collectionviewUITests.xctest */;
			productType = "com.apple.product-type.bundle.ui-testing";
		};
/* End PBXNativeTarget section */

/* Begin PBXProject section */
		E1F91E4526E030ED002F376D /* Project object */ = {
			isa = PBXProject;
			attributes = {
				LastSwiftUpdateCheck = 1250;
				LastUpgradeCheck = 1250;
				TargetAttributes = {
					E1F91E4C26E030ED002F376D = {
						CreatedOnToolsVersion = 12.5.1;
					};
					E1F91E6226E030EE002F376D = {
						CreatedOnToolsVersion = 12.5.1;
						TestTargetID = E1F91E4C26E030ED002F376D;
					};
					E1F91E6D26E030EF002F376D = {
						CreatedOnToolsVersion = 12.5.1;
						TestTargetID = E1F91E4C26E030ED002F376D;
					};
				};
			};
			buildConfigurationList = E1F91E4826E030ED002F376D /* Build configuration list for PBXProject "aula_collectionview" */;
			compatibilityVersion = "Xcode 9.3";
			developmentRegion = en;
			hasScannedForEncodings = 0;
			knownRegions = (
				en,
				Base,
			);
			mainGroup = E1F91E4426E030ED002F376D;
			productRefGroup = E1F91E4E26E030ED002F376D /* Products */;
			projectDirPath = "";
			projectRoot = "";
			targets = (
				E1F91E4C26E030ED002F376D /* aula_collectionview */,
				E1F91E6226E030EE002F376D /* aula_collectionviewTests */,
				E1F91E6D26E030EF002F376D /* aula_collectionviewUITests */,
			);
		};
/* End PBXProject section */

/* Begin PBXResourcesBuildPhase section */
		E1F91E4B26E030ED002F376D /* Resources */ = {
			isa = PBXResourcesBuildPhase;
			buildActionMask = 2147483647;
			files = (
				E1F91E5D26E030EE002F376D /* LaunchScreen.storyboard in Resources */,
				E10EA83226E2B9CE008F52D2 /* matrix.jpeg in Resources */,
				E1F91E5A26E030EE002F376D /* Assets.xcassets in Resources */,
				E10EA82F26E2B9CE008F52D2 /* homemdeferro.jpeg in Resources */,
				E10EA83126E2B9CE008F52D2 /* capitao.jpg in Resources */,
				E10EA82D26E2B9CE008F52D2 /* starwars.jpg in Resources */,
				E10EA83026E2B9CE008F52D2 /* senhordosaneis.jpg in Resources */,
				E10EA82E26E2B9CE008F52D2 /* startrek.jpg in Resources */,
				E1F91E5826E030ED002F376D /* Main.storyboard in Resources */,
			);
			runOnlyForDeploymentPostprocessing = 0;
		};
		E1F91E6126E030EE002F376D /* Resources */ = {
			isa = PBXResourcesBuildPhase;
			buildActionMask = 2147483647;
			files = (
			);
			runOnlyForDeploymentPostprocessing = 0;
		};
		E1F91E6C26E030EF002F376D /* Resources */ = {
			isa = PBXResourcesBuildPhase;
			buildActionMask = 2147483647;
			files = (
			);
			runOnlyForDeploymentPostprocessing = 0;
		};
/* End PBXResourcesBuildPhase section */

/* Begin PBXSourcesBuildPhase section */
		E1F91E4926E030ED002F376D /* Sources */ = {
			isa = PBXSourcesBuildPhase;
			buildActionMask = 2147483647;
			files = (
				E1F91E5526E030ED002F376D /* ViewController.swift in Sources */,
				E1F91E5126E030ED002F376D /* AppDelegate.swift in Sources */,
				E1F91E8F26E04628002F376D /* MovieCollectionViewCell.swift in Sources */,
				E1F91E8126E03F4B002F376D /* Movie.swift in Sources */,
				E1F91E5326E030ED002F376D /* SceneDelegate.swift in Sources */,
			);
			runOnlyForDeploymentPostprocessing = 0;
		};
		E1F91E5F26E030EE002F376D /* Sources */ = {
			isa = PBXSourcesBuildPhase;
			buildActionMask = 2147483647;
			files = (
				E1F91E6826E030EE002F376D /* aula_collectionviewTests.swift in Sources */,
			);
			runOnlyForDeploymentPostprocessing = 0;
		};
		E1F91E6A26E030EF002F376D /* Sources */ = {
			isa = PBXSourcesBuildPhase;
			buildActionMask = 2147483647;
			files = (
				E1F91E7326E030EF002F376D /* aula_collectionviewUITests.swift in Sources */,
			);
			runOnlyForDeploymentPostprocessing = 0;
		};
/* End PBXSourcesBuildPhase section */

/* Begin PBXTargetDependency section */
		E1F91E6526E030EE002F376D /* PBXTargetDependency */ = {
			isa = PBXTargetDependency;
			target = E1F91E4C26E030ED002F376D /* aula_collectionview */;
			targetProxy = E1F91E6426E030EE002F376D /* PBXContainerItemProxy */;
		};
		E1F91E7026E030EF002F376D /* PBXTargetDependency */ = {
			isa = PBXTargetDependency;
			target = E1F91E4C26E030ED002F376D /* aula_collectionview */;
			targetProxy = E1F91E6F26E030EF002F376D /* PBXContainerItemProxy */;
		};
/* End PBXTargetDependency section */

/* Begin PBXVariantGroup section */
		E1F91E5626E030ED002F376D /* Main.storyboard */ = {
			isa = PBXVariantGroup;
			children = (
				E1F91E5726E030ED002F376D /* Base */,
			);
			name = Main.storyboard;
			sourceTree = "<group>";
		};
		E1F91E5B26E030EE002F376D /* LaunchScreen.storyboard */ = {
			isa = PBXVariantGroup;
			children = (
				E1F91E5C26E030EE002F376D /* Base */,
			);
			name = LaunchScreen.storyboard;
			sourceTree = "<group>";
		};
/* End PBXVariantGroup section */

/* Begin XCBuildConfiguration section */
		E1F91E7526E030EF002F376D /* Debug */ = {
			isa = XCBuildConfiguration;
			buildSettings = {
				ALWAYS_SEARCH_USER_PATHS = NO;
				CLANG_ANALYZER_NONNULL = YES;
				CLANG_ANALYZER_NUMBER_OBJECT_CONVERSION = YES_AGGRESSIVE;
				CLANG_CXX_LANGUAGE_STANDARD = "gnu++14";
				CLANG_CXX_LIBRARY = "libc++";
				CLANG_ENABLE_MODULES = YES;
				CLANG_ENABLE_OBJC_ARC = YES;
				CLANG_ENABLE_OBJC_WEAK = YES;
				CLANG_WARN_BLOCK_CAPTURE_AUTORELEASING = YES;
				CLANG_WARN_BOOL_CONVERSION = YES;
				CLANG_WARN_COMMA = YES;
				CLANG_WARN_CONSTANT_CONVERSION = YES;
				CLANG_WARN_DEPRECATED_OBJC_IMPLEMENTATIONS = YES;
				CLANG_WARN_DIRECT_OBJC_ISA_USAGE = YES_ERROR;
				CLANG_WARN_DOCUMENTATION_COMMENTS = YES;
				CLANG_WARN_EMPTY_BODY = YES;
				CLANG_WARN_ENUM_CONVERSION = YES;
				CLANG_WARN_INFINITE_RECURSION = YES;
				CLANG_WARN_INT_CONVERSION = YES;
				CLANG_WARN_NON_LITERAL_NULL_CONVERSION = YES;
				CLANG_WARN_OBJC_IMPLICIT_RETAIN_SELF = YES;
				CLANG_WARN_OBJC_LITERAL_CONVERSION = YES;
				CLANG_WARN_OBJC_ROOT_CLASS = YES_ERROR;
				CLANG_WARN_QUOTED_INCLUDE_IN_FRAMEWORK_HEADER = YES;
				CLANG_WARN_RANGE_LOOP_ANALYSIS = YES;
				CLANG_WARN_STRICT_PROTOTYPES = YES;
				CLANG_WARN_SUSPICIOUS_MOVE = YES;
				CLANG_WARN_UNGUARDED_AVAILABILITY = YES_AGGRESSIVE;
				CLANG_WARN_UNREACHABLE_CODE = YES;
				CLANG_WARN__DUPLICATE_METHOD_MATCH = YES;
				COPY_PHASE_STRIP = NO;
				DEBUG_INFORMATION_FORMAT = dwarf;
				ENABLE_STRICT_OBJC_MSGSEND = YES;
				ENABLE_TESTABILITY = YES;
				GCC_C_LANGUAGE_STANDARD = gnu11;
				GCC_DYNAMIC_NO_PIC = NO;
				GCC_NO_COMMON_BLOCKS = YES;
				GCC_OPTIMIZATION_LEVEL = 0;
				GCC_PREPROCESSOR_DEFINITIONS = (
					"DEBUG=1",
					"$(inherited)",
				);
				GCC_WARN_64_TO_32_BIT_CONVERSION = YES;
				GCC_WARN_ABOUT_RETURN_TYPE = YES_ERROR;
				GCC_WARN_UNDECLARED_SELECTOR = YES;
				GCC_WARN_UNINITIALIZED_AUTOS = YES_AGGRESSIVE;
				GCC_WARN_UNUSED_FUNCTION = YES;
				GCC_WARN_UNUSED_VARIABLE = YES;
				IPHONEOS_DEPLOYMENT_TARGET = 14.5;
				MTL_ENABLE_DEBUG_INFO = INCLUDE_SOURCE;
				MTL_FAST_MATH = YES;
				ONLY_ACTIVE_ARCH = YES;
				SDKROOT = iphoneos;
				SWIFT_ACTIVE_COMPILATION_CONDITIONS = DEBUG;
				SWIFT_OPTIMIZATION_LEVEL = "-Onone";
			};
			name = Debug;
		};
		E1F91E7626E030EF002F376D /* Release */ = {
			isa = XCBuildConfiguration;
			buildSettings = {
				ALWAYS_SEARCH_USER_PATHS = NO;
				CLANG_ANALYZER_NONNULL = YES;
				CLANG_ANALYZER_NUMBER_OBJECT_CONVERSION = YES_AGGRESSIVE;
				CLANG_CXX_LANGUAGE_STANDARD = "gnu++14";
				CLANG_CXX_LIBRARY = "libc++";
				CLANG_ENABLE_MODULES = YES;
				CLANG_ENABLE_OBJC_ARC = YES;
				CLANG_ENABLE_OBJC_WEAK = YES;
				CLANG_WARN_BLOCK_CAPTURE_AUTORELEASING = YES;
				CLANG_WARN_BOOL_CONVERSION = YES;
				CLANG_WARN_COMMA = YES;
				CLANG_WARN_CONSTANT_CONVERSION = YES;
				CLANG_WARN_DEPRECATED_OBJC_IMPLEMENTATIONS = YES;
				CLANG_WARN_DIRECT_OBJC_ISA_USAGE = YES_ERROR;
				CLANG_WARN_DOCUMENTATION_COMMENTS = YES;
				CLANG_WARN_EMPTY_BODY = YES;
				CLANG_WARN_ENUM_CONVERSION = YES;
				CLANG_WARN_INFINITE_RECURSION = YES;
				CLANG_WARN_INT_CONVERSION = YES;
				CLANG_WARN_NON_LITERAL_NULL_CONVERSION = YES;
				CLANG_WARN_OBJC_IMPLICIT_RETAIN_SELF = YES;
				CLANG_WARN_OBJC_LITERAL_CONVERSION = YES;
				CLANG_WARN_OBJC_ROOT_CLASS = YES_ERROR;
				CLANG_WARN_QUOTED_INCLUDE_IN_FRAMEWORK_HEADER = YES;
				CLANG_WARN_RANGE_LOOP_ANALYSIS = YES;
				CLANG_WARN_STRICT_PROTOTYPES = YES;
				CLANG_WARN_SUSPICIOUS_MOVE = YES;
				CLANG_WARN_UNGUARDED_AVAILABILITY = YES_AGGRESSIVE;
				CLANG_WARN_UNREACHABLE_CODE = YES;
				CLANG_WARN__DUPLICATE_METHOD_MATCH = YES;
				COPY_PHASE_STRIP = NO;
				DEBUG_INFORMATION_FORMAT = "dwarf-with-dsym";
				ENABLE_NS_ASSERTIONS = NO;
				ENABLE_STRICT_OBJC_MSGSEND = YES;
				GCC_C_LANGUAGE_STANDARD = gnu11;
				GCC_NO_COMMON_BLOCKS = YES;
				GCC_WARN_64_TO_32_BIT_CONVERSION = YES;
				GCC_WARN_ABOUT_RETURN_TYPE = YES_ERROR;
				GCC_WARN_UNDECLARED_SELECTOR = YES;
				GCC_WARN_UNINITIALIZED_AUTOS = YES_AGGRESSIVE;
				GCC_WARN_UNUSED_FUNCTION = YES;
				GCC_WARN_UNUSED_VARIABLE = YES;
				IPHONEOS_DEPLOYMENT_TARGET = 14.5;
				MTL_ENABLE_DEBUG_INFO = NO;
				MTL_FAST_MATH = YES;
				SDKROOT = iphoneos;
				SWIFT_COMPILATION_MODE = wholemodule;
				SWIFT_OPTIMIZATION_LEVEL = "-O";
				VALIDATE_PRODUCT = YES;
			};
			name = Release;
		};
		E1F91E7826E030EF002F376D /* Debug */ = {
			isa = XCBuildConfiguration;
			buildSettings = {
				ASSETCATALOG_COMPILER_APPICON_NAME = AppIcon;
				ASSETCATALOG_COMPILER_GLOBAL_ACCENT_COLOR_NAME = AccentColor;
				CODE_SIGN_STYLE = Automatic;
				INFOPLIST_FILE = aula_collectionview/Info.plist;
				LD_RUNPATH_SEARCH_PATHS = (
					"$(inherited)",
					"@executable_path/Frameworks",
				);
				PRODUCT_BUNDLE_IDENTIFIER = "teste.aula-collectionview";
				PRODUCT_NAME = "$(TARGET_NAME)";
				SWIFT_VERSION = 5.0;
				TARGETED_DEVICE_FAMILY = "1,2";
			};
			name = Debug;
		};
		E1F91E7926E030EF002F376D /* Release */ = {
			isa = XCBuildConfiguration;
			buildSettings = {
				ASSETCATALOG_COMPILER_APPICON_NAME = AppIcon;
				ASSETCATALOG_COMPILER_GLOBAL_ACCENT_COLOR_NAME = AccentColor;
				CODE_SIGN_STYLE = Automatic;
				INFOPLIST_FILE = aula_collectionview/Info.plist;
				LD_RUNPATH_SEARCH_PATHS = (
					"$(inherited)",
					"@executable_path/Frameworks",
				);
				PRODUCT_BUNDLE_IDENTIFIER = "teste.aula-collectionview";
				PRODUCT_NAME = "$(TARGET_NAME)";
				SWIFT_VERSION = 5.0;
				TARGETED_DEVICE_FAMILY = "1,2";
			};
			name = Release;
		};
		E1F91E7B26E030EF002F376D /* Debug */ = {
			isa = XCBuildConfiguration;
			buildSettings = {
				ALWAYS_EMBED_SWIFT_STANDARD_LIBRARIES = YES;
				BUNDLE_LOADER = "$(TEST_HOST)";
				CODE_SIGN_STYLE = Automatic;
				INFOPLIST_FILE = aula_collectionviewTests/Info.plist;
				IPHONEOS_DEPLOYMENT_TARGET = 14.5;
				LD_RUNPATH_SEARCH_PATHS = (
					"$(inherited)",
					"@executable_path/Frameworks",
					"@loader_path/Frameworks",
				);
				PRODUCT_BUNDLE_IDENTIFIER = "teste.aula-collectionviewTests";
				PRODUCT_NAME = "$(TARGET_NAME)";
				SWIFT_VERSION = 5.0;
				TARGETED_DEVICE_FAMILY = "1,2";
				TEST_HOST = "$(BUILT_PRODUCTS_DIR)/aula_collectionview.app/aula_collectionview";
			};
			name = Debug;
		};
		E1F91E7C26E030EF002F376D /* Release */ = {
			isa = XCBuildConfiguration;
			buildSettings = {
				ALWAYS_EMBED_SWIFT_STANDARD_LIBRARIES = YES;
				BUNDLE_LOADER = "$(TEST_HOST)";
				CODE_SIGN_STYLE = Automatic;
				INFOPLIST_FILE = aula_collectionviewTests/Info.plist;
				IPHONEOS_DEPLOYMENT_TARGET = 14.5;
				LD_RUNPATH_SEARCH_PATHS = (
					"$(inherited)",
					"@executable_path/Frameworks",
					"@loader_path/Frameworks",
				);
				PRODUCT_BUNDLE_IDENTIFIER = "teste.aula-collectionviewTests";
				PRODUCT_NAME = "$(TARGET_NAME)";
				SWIFT_VERSION = 5.0;
				TARGETED_DEVICE_FAMILY = "1,2";
				TEST_HOST = "$(BUILT_PRODUCTS_DIR)/aula_collectionview.app/aula_collectionview";
			};
			name = Release;
		};
		E1F91E7E26E030EF002F376D /* Debug */ = {
			isa = XCBuildConfiguration;
			buildSettings = {
				ALWAYS_EMBED_SWIFT_STANDARD_LIBRARIES = YES;
				CODE_SIGN_STYLE = Automatic;
				INFOPLIST_FILE = aula_collectionviewUITests/Info.plist;
				LD_RUNPATH_SEARCH_PATHS = (
					"$(inherited)",
					"@executable_path/Frameworks",
					"@loader_path/Frameworks",
				);
				PRODUCT_BUNDLE_IDENTIFIER = "teste.aula-collectionviewUITests";
				PRODUCT_NAME = "$(TARGET_NAME)";
				SWIFT_VERSION = 5.0;
				TARGETED_DEVICE_FAMILY = "1,2";
				TEST_TARGET_NAME = aula_collectionview;
			};
			name = Debug;
		};
		E1F91E7F26E030EF002F376D /* Release */ = {
			isa = XCBuildConfiguration;
			buildSettings = {
				ALWAYS_EMBED_SWIFT_STANDARD_LIBRARIES = YES;
				CODE_SIGN_STYLE = Automatic;
				INFOPLIST_FILE = aula_collectionviewUITests/Info.plist;
				LD_RUNPATH_SEARCH_PATHS = (
					"$(inherited)",
					"@executable_path/Frameworks",
					"@loader_path/Frameworks",
				);
				PRODUCT_BUNDLE_IDENTIFIER = "teste.aula-collectionviewUITests";
				PRODUCT_NAME = "$(TARGET_NAME)";
				SWIFT_VERSION = 5.0;
				TARGETED_DEVICE_FAMILY = "1,2";
				TEST_TARGET_NAME = aula_collectionview;
			};
			name = Release;
		};
/* End XCBuildConfiguration section */

/* Begin XCConfigurationList section */
		E1F91E4826E030ED002F376D /* Build configuration list for PBXProject "aula_collectionview" */ = {
			isa = XCConfigurationList;
			buildConfigurations = (
				E1F91E7526E030EF002F376D /* Debug */,
				E1F91E7626E030EF002F376D /* Release */,
			);
			defaultConfigurationIsVisible = 0;
			defaultConfigurationName = Release;
		};
		E1F91E7726E030EF002F376D /* Build configuration list for PBXNativeTarget "aula_collectionview" */ = {
			isa = XCConfigurationList;
			buildConfigurations = (
				E1F91E7826E030EF002F376D /* Debug */,
				E1F91E7926E030EF002F376D /* Release */,
			);
			defaultConfigurationIsVisible = 0;
			defaultConfigurationName = Release;
		};
		E1F91E7A26E030EF002F376D /* Build configuration list for PBXNativeTarget "aula_collectionviewTests" */ = {
			isa = XCConfigurationList;
			buildConfigurations = (
				E1F91E7B26E030EF002F376D /* Debug */,
				E1F91E7C26E030EF002F376D /* Release */,
			);
			defaultConfigurationIsVisible = 0;
			defaultConfigurationName = Release;
		};
		E1F91E7D26E030EF002F376D /* Build configuration list for PBXNativeTarget "aula_collectionviewUITests" */ = {
			isa = XCConfigurationList;
			buildConfigurations = (
				E1F91E7E26E030EF002F376D /* Debug */,
				E1F91E7F26E030EF002F376D /* Release */,
			);
			defaultConfigurationIsVisible = 0;
			defaultConfigurationName = Release;
		};
/* End XCConfigurationList section */
	};
	rootObject = E1F91E4526E030ED002F376D /* Project object */;
}
