// !$*UTF8*$!
{
	archiveVersion = 1;
	classes = {
	};
	objectVersion = 55;
	objects = {

/* Begin PBXBuildFile section */
		E1E336CD284EB5CE00DED8F7 /* AppDelegate.swift in Sources */ = {isa = PBXBuildFile; fileRef = E1E336CC284EB5CE00DED8F7 /* AppDelegate.swift */; };
		E1E336CF284EB5CE00DED8F7 /* SceneDelegate.swift in Sources */ = {isa = PBXBuildFile; fileRef = E1E336CE284EB5CE00DED8F7 /* SceneDelegate.swift */; };
		E1E336D1284EB5CE00DED8F7 /* ViewController.swift in Sources */ = {isa = PBXBuildFile; fileRef = E1E336D0284EB5CE00DED8F7 /* ViewController.swift */; };
		E1E336D4284EB5CE00DED8F7 /* Main.storyboard in Resources */ = {isa = PBXBuildFile; fileRef = E1E336D2284EB5CE00DED8F7 /* Main.storyboard */; };
		E1E336D6284EB5D200DED8F7 /* Assets.xcassets in Resources */ = {isa = PBXBuildFile; fileRef = E1E336D5284EB5D200DED8F7 /* Assets.xcassets */; };
		E1E336D9284EB5D200DED8F7 /* LaunchScreen.storyboard in Resources */ = {isa = PBXBuildFile; fileRef = E1E336D7284EB5D200DED8F7 /* LaunchScreen.storyboard */; };
		E1E336E4284EB5D300DED8F7 /* aula_imagepickerTests.swift in Sources */ = {isa = PBXBuildFile; fileRef = E1E336E3284EB5D300DED8F7 /* aula_imagepickerTests.swift */; };
		E1E336EE284EB5D300DED8F7 /* aula_imagepickerUITests.swift in Sources */ = {isa = PBXBuildFile; fileRef = E1E336ED284EB5D300DED8F7 /* aula_imagepickerUITests.swift */; };
		E1E336F0284EB5D300DED8F7 /* aula_imagepickerUITestsLaunchTests.swift in Sources */ = {isa = PBXBuildFile; fileRef = E1E336EF284EB5D300DED8F7 /* aula_imagepickerUITestsLaunchTests.swift */; };
		E1E336FD284EC0FC00DED8F7 /* ImagePickerViewModel.swift in Sources */ = {isa = PBXBuildFile; fileRef = E1E336FC284EC0FC00DED8F7 /* ImagePickerViewModel.swift */; };
/* End PBXBuildFile section */

/* Begin PBXContainerItemProxy section */
		E1E336E0284EB5D300DED8F7 /* PBXContainerItemProxy */ = {
			isa = PBXContainerItemProxy;
			containerPortal = E1E336C1284EB5CE00DED8F7 /* Project object */;
			proxyType = 1;
			remoteGlobalIDString = E1E336C8284EB5CE00DED8F7;
			remoteInfo = aula_imagepicker;
		};
		E1E336EA284EB5D300DED8F7 /* PBXContainerItemProxy */ = {
			isa = PBXContainerItemProxy;
			containerPortal = E1E336C1284EB5CE00DED8F7 /* Project object */;
			proxyType = 1;
			remoteGlobalIDString = E1E336C8284EB5CE00DED8F7;
			remoteInfo = aula_imagepicker;
		};
/* End PBXContainerItemProxy section */

/* Begin PBXFileReference section */
		E1E336C9284EB5CE00DED8F7 /* aula_imagepicker.app */ = {isa = PBXFileReference; explicitFileType = wrapper.application; includeInIndex = 0; path = aula_imagepicker.app; sourceTree = BUILT_PRODUCTS_DIR; };
		E1E336CC284EB5CE00DED8F7 /* AppDelegate.swift */ = {isa = PBXFileReference; lastKnownFileType = sourcecode.swift; path = AppDelegate.swift; sourceTree = "<group>"; };
		E1E336CE284EB5CE00DED8F7 /* SceneDelegate.swift */ = {isa = PBXFileReference; lastKnownFileType = sourcecode.swift; path = SceneDelegate.swift; sourceTree = "<group>"; };
		E1E336D0284EB5CE00DED8F7 /* ViewController.swift */ = {isa = PBXFileReference; lastKnownFileType = sourcecode.swift; path = ViewController.swift; sourceTree = "<group>"; };
		E1E336D3284EB5CE00DED8F7 /* Base */ = {isa = PBXFileReference; lastKnownFileType = file.storyboard; name = Base; path = Base.lproj/Main.storyboard; sourceTree = "<group>"; };
		E1E336D5284EB5D200DED8F7 /* Assets.xcassets */ = {isa = PBXFileReference; lastKnownFileType = folder.assetcatalog; path = Assets.xcassets; sourceTree = "<group>"; };
		E1E336D8284EB5D200DED8F7 /* Base */ = {isa = PBXFileReference; lastKnownFileType = file.storyboard; name = Base; path = Base.lproj/LaunchScreen.storyboard; sourceTree = "<group>"; };
		E1E336DA284EB5D200DED8F7 /* Info.plist */ = {isa = PBXFileReference; lastKnownFileType = text.plist.xml; path = Info.plist; sourceTree = "<group>"; };
		E1E336DF284EB5D300DED8F7 /* aula_imagepickerTests.xctest */ = {isa = PBXFileReference; explicitFileType = wrapper.cfbundle; includeInIndex = 0; path = aula_imagepickerTests.xctest; sourceTree = BUILT_PRODUCTS_DIR; };
		E1E336E3284EB5D300DED8F7 /* aula_imagepickerTests.swift */ = {isa = PBXFileReference; lastKnownFileType = sourcecode.swift; path = aula_imagepickerTests.swift; sourceTree = "<group>"; };
		E1E336E9284EB5D300DED8F7 /* aula_imagepickerUITests.xctest */ = {isa = PBXFileReference; explicitFileType = wrapper.cfbundle; includeInIndex = 0; path = aula_imagepickerUITests.xctest; sourceTree = BUILT_PRODUCTS_DIR; };
		E1E336ED284EB5D300DED8F7 /* aula_imagepickerUITests.swift */ = {isa = PBXFileReference; lastKnownFileType = sourcecode.swift; path = aula_imagepickerUITests.swift; sourceTree = "<group>"; };
		E1E336EF284EB5D300DED8F7 /* aula_imagepickerUITestsLaunchTests.swift */ = {isa = PBXFileReference; lastKnownFileType = sourcecode.swift; path = aula_imagepickerUITestsLaunchTests.swift; sourceTree = "<group>"; };
		E1E336FC284EC0FC00DED8F7 /* ImagePickerViewModel.swift */ = {isa = PBXFileReference; lastKnownFileType = sourcecode.swift; path = ImagePickerViewModel.swift; sourceTree = "<group>"; };
/* End PBXFileReference section */

/* Begin PBXFrameworksBuildPhase section */
		E1E336C6284EB5CE00DED8F7 /* Frameworks */ = {
			isa = PBXFrameworksBuildPhase;
			buildActionMask = 2147483647;
			files = (
			);
			runOnlyForDeploymentPostprocessing = 0;
		};
		E1E336DC284EB5D300DED8F7 /* Frameworks */ = {
			isa = PBXFrameworksBuildPhase;
			buildActionMask = 2147483647;
			files = (
			);
			runOnlyForDeploymentPostprocessing = 0;
		};
		E1E336E6284EB5D300DED8F7 /* Frameworks */ = {
			isa = PBXFrameworksBuildPhase;
			buildActionMask = 2147483647;
			files = (
			);
			runOnlyForDeploymentPostprocessing = 0;
		};
/* End PBXFrameworksBuildPhase section */

/* Begin PBXGroup section */
		E1E336C0284EB5CE00DED8F7 = {
			isa = PBXGroup;
			children = (
				E1E336CB284EB5CE00DED8F7 /* aula_imagepicker */,
				E1E336E2284EB5D300DED8F7 /* aula_imagepickerTests */,
				E1E336EC284EB5D300DED8F7 /* aula_imagepickerUITests */,
				E1E336CA284EB5CE00DED8F7 /* Products */,
			);
			sourceTree = "<group>";
		};
		E1E336CA284EB5CE00DED8F7 /* Products */ = {
			isa = PBXGroup;
			children = (
				E1E336C9284EB5CE00DED8F7 /* aula_imagepicker.app */,
				E1E336DF284EB5D300DED8F7 /* aula_imagepickerTests.xctest */,
				E1E336E9284EB5D300DED8F7 /* aula_imagepickerUITests.xctest */,
			);
			name = Products;
			sourceTree = "<group>";
		};
		E1E336CB284EB5CE00DED8F7 /* aula_imagepicker */ = {
			isa = PBXGroup;
			children = (
				E1E336CC284EB5CE00DED8F7 /* AppDelegate.swift */,
				E1E336CE284EB5CE00DED8F7 /* SceneDelegate.swift */,
				E1E336D0284EB5CE00DED8F7 /* ViewController.swift */,
				E1E336D2284EB5CE00DED8F7 /* Main.storyboard */,
				E1E336D5284EB5D200DED8F7 /* Assets.xcassets */,
				E1E336D7284EB5D200DED8F7 /* LaunchScreen.storyboard */,
				E1E336DA284EB5D200DED8F7 /* Info.plist */,
				E1E336FC284EC0FC00DED8F7 /* ImagePickerViewModel.swift */,
			);
			path = aula_imagepicker;
			sourceTree = "<group>";
		};
		E1E336E2284EB5D300DED8F7 /* aula_imagepickerTests */ = {
			isa = PBXGroup;
			children = (
				E1E336E3284EB5D300DED8F7 /* aula_imagepickerTests.swift */,
			);
			path = aula_imagepickerTests;
			sourceTree = "<group>";
		};
		E1E336EC284EB5D300DED8F7 /* aula_imagepickerUITests */ = {
			isa = PBXGroup;
			children = (
				E1E336ED284EB5D300DED8F7 /* aula_imagepickerUITests.swift */,
				E1E336EF284EB5D300DED8F7 /* aula_imagepickerUITestsLaunchTests.swift */,
			);
			path = aula_imagepickerUITests;
			sourceTree = "<group>";
		};
/* End PBXGroup section */

/* Begin PBXNativeTarget section */
		E1E336C8284EB5CE00DED8F7 /* aula_imagepicker */ = {
			isa = PBXNativeTarget;
			buildConfigurationList = E1E336F3284EB5D300DED8F7 /* Build configuration list for PBXNativeTarget "aula_imagepicker" */;
			buildPhases = (
				E1E336C5284EB5CE00DED8F7 /* Sources */,
				E1E336C6284EB5CE00DED8F7 /* Frameworks */,
				E1E336C7284EB5CE00DED8F7 /* Resources */,
			);
			buildRules = (
			);
			dependencies = (
			);
			name = aula_imagepicker;
			productName = aula_imagepicker;
			productReference = E1E336C9284EB5CE00DED8F7 /* aula_imagepicker.app */;
			productType = "com.apple.product-type.application";
		};
		E1E336DE284EB5D300DED8F7 /* aula_imagepickerTests */ = {
			isa = PBXNativeTarget;
			buildConfigurationList = E1E336F6284EB5D300DED8F7 /* Build configuration list for PBXNativeTarget "aula_imagepickerTests" */;
			buildPhases = (
				E1E336DB284EB5D300DED8F7 /* Sources */,
				E1E336DC284EB5D300DED8F7 /* Frameworks */,
				E1E336DD284EB5D300DED8F7 /* Resources */,
			);
			buildRules = (
			);
			dependencies = (
				E1E336E1284EB5D300DED8F7 /* PBXTargetDependency */,
			);
			name = aula_imagepickerTests;
			productName = aula_imagepickerTests;
			productReference = E1E336DF284EB5D300DED8F7 /* aula_imagepickerTests.xctest */;
			productType = "com.apple.product-type.bundle.unit-test";
		};
		E1E336E8284EB5D300DED8F7 /* aula_imagepickerUITests */ = {
			isa = PBXNativeTarget;
			buildConfigurationList = E1E336F9284EB5D300DED8F7 /* Build configuration list for PBXNativeTarget "aula_imagepickerUITests" */;
			buildPhases = (
				E1E336E5284EB5D300DED8F7 /* Sources */,
				E1E336E6284EB5D300DED8F7 /* Frameworks */,
				E1E336E7284EB5D300DED8F7 /* Resources */,
			);
			buildRules = (
			);
			dependencies = (
				E1E336EB284EB5D300DED8F7 /* PBXTargetDependency */,
			);
			name = aula_imagepickerUITests;
			productName = aula_imagepickerUITests;
			productReference = E1E336E9284EB5D300DED8F7 /* aula_imagepickerUITests.xctest */;
			productType = "com.apple.product-type.bundle.ui-testing";
		};
/* End PBXNativeTarget section */

/* Begin PBXProject section */
		E1E336C1284EB5CE00DED8F7 /* Project object */ = {
			isa = PBXProject;
			attributes = {
				BuildIndependentTargetsInParallel = 1;
				LastSwiftUpdateCheck = 1330;
				LastUpgradeCheck = 1330;
				TargetAttributes = {
					E1E336C8284EB5CE00DED8F7 = {
						CreatedOnToolsVersion = 13.3.1;
					};
					E1E336DE284EB5D300DED8F7 = {
						CreatedOnToolsVersion = 13.3.1;
						TestTargetID = E1E336C8284EB5CE00DED8F7;
					};
					E1E336E8284EB5D300DED8F7 = {
						CreatedOnToolsVersion = 13.3.1;
						TestTargetID = E1E336C8284EB5CE00DED8F7;
					};
				};
			};
			buildConfigurationList = E1E336C4284EB5CE00DED8F7 /* Build configuration list for PBXProject "aula_imagepicker" */;
			compatibilityVersion = "Xcode 13.0";
			developmentRegion = en;
			hasScannedForEncodings = 0;
			knownRegions = (
				en,
				Base,
			);
			mainGroup = E1E336C0284EB5CE00DED8F7;
			productRefGroup = E1E336CA284EB5CE00DED8F7 /* Products */;
			projectDirPath = "";
			projectRoot = "";
			targets = (
				E1E336C8284EB5CE00DED8F7 /* aula_imagepicker */,
				E1E336DE284EB5D300DED8F7 /* aula_imagepickerTests */,
				E1E336E8284EB5D300DED8F7 /* aula_imagepickerUITests */,
			);
		};
/* End PBXProject section */

/* Begin PBXResourcesBuildPhase section */
		E1E336C7284EB5CE00DED8F7 /* Resources */ = {
			isa = PBXResourcesBuildPhase;
			buildActionMask = 2147483647;
			files = (
				E1E336D9284EB5D200DED8F7 /* LaunchScreen.storyboard in Resources */,
				E1E336D6284EB5D200DED8F7 /* Assets.xcassets in Resources */,
				E1E336D4284EB5CE00DED8F7 /* Main.storyboard in Resources */,
			);
			runOnlyForDeploymentPostprocessing = 0;
		};
		E1E336DD284EB5D300DED8F7 /* Resources */ = {
			isa = PBXResourcesBuildPhase;
			buildActionMask = 2147483647;
			files = (
			);
			runOnlyForDeploymentPostprocessing = 0;
		};
		E1E336E7284EB5D300DED8F7 /* Resources */ = {
			isa = PBXResourcesBuildPhase;
			buildActionMask = 2147483647;
			files = (
			);
			runOnlyForDeploymentPostprocessing = 0;
		};
/* End PBXResourcesBuildPhase section */

/* Begin PBXSourcesBuildPhase section */
		E1E336C5284EB5CE00DED8F7 /* Sources */ = {
			isa = PBXSourcesBuildPhase;
			buildActionMask = 2147483647;
			files = (
				E1E336D1284EB5CE00DED8F7 /* ViewController.swift in Sources */,
				E1E336CD284EB5CE00DED8F7 /* AppDelegate.swift in Sources */,
				E1E336FD284EC0FC00DED8F7 /* ImagePickerViewModel.swift in Sources */,
				E1E336CF284EB5CE00DED8F7 /* SceneDelegate.swift in Sources */,
			);
			runOnlyForDeploymentPostprocessing = 0;
		};
		E1E336DB284EB5D300DED8F7 /* Sources */ = {
			isa = PBXSourcesBuildPhase;
			buildActionMask = 2147483647;
			files = (
				E1E336E4284EB5D300DED8F7 /* aula_imagepickerTests.swift in Sources */,
			);
			runOnlyForDeploymentPostprocessing = 0;
		};
		E1E336E5284EB5D300DED8F7 /* Sources */ = {
			isa = PBXSourcesBuildPhase;
			buildActionMask = 2147483647;
			files = (
				E1E336EE284EB5D300DED8F7 /* aula_imagepickerUITests.swift in Sources */,
				E1E336F0284EB5D300DED8F7 /* aula_imagepickerUITestsLaunchTests.swift in Sources */,
			);
			runOnlyForDeploymentPostprocessing = 0;
		};
/* End PBXSourcesBuildPhase section */

/* Begin PBXTargetDependency section */
		E1E336E1284EB5D300DED8F7 /* PBXTargetDependency */ = {
			isa = PBXTargetDependency;
			target = E1E336C8284EB5CE00DED8F7 /* aula_imagepicker */;
			targetProxy = E1E336E0284EB5D300DED8F7 /* PBXContainerItemProxy */;
		};
		E1E336EB284EB5D300DED8F7 /* PBXTargetDependency */ = {
			isa = PBXTargetDependency;
			target = E1E336C8284EB5CE00DED8F7 /* aula_imagepicker */;
			targetProxy = E1E336EA284EB5D300DED8F7 /* PBXContainerItemProxy */;
		};
/* End PBXTargetDependency section */

/* Begin PBXVariantGroup section */
		E1E336D2284EB5CE00DED8F7 /* Main.storyboard */ = {
			isa = PBXVariantGroup;
			children = (
				E1E336D3284EB5CE00DED8F7 /* Base */,
			);
			name = Main.storyboard;
			sourceTree = "<group>";
		};
		E1E336D7284EB5D200DED8F7 /* LaunchScreen.storyboard */ = {
			isa = PBXVariantGroup;
			children = (
				E1E336D8284EB5D200DED8F7 /* Base */,
			);
			name = LaunchScreen.storyboard;
			sourceTree = "<group>";
		};
/* End PBXVariantGroup section */

/* Begin XCBuildConfiguration section */
		E1E336F1284EB5D300DED8F7 /* Debug */ = {
			isa = XCBuildConfiguration;
			buildSettings = {
				ALWAYS_SEARCH_USER_PATHS = NO;
				CLANG_ANALYZER_NONNULL = YES;
				CLANG_ANALYZER_NUMBER_OBJECT_CONVERSION = YES_AGGRESSIVE;
				CLANG_CXX_LANGUAGE_STANDARD = "gnu++17";
				CLANG_ENABLE_MODULES = YES;
				CLANG_ENABLE_OBJC_ARC = YES;
				CLANG_ENABLE_OBJC_WEAK = YES;
				CLANG_WARN_BLOCK_CAPTURE_AUTORELEASING = YES;
				CLANG_WARN_BOOL_CONVERSION = YES;
				CLANG_WARN_COMMA = YES;
				CLANG_WARN_CONSTANT_CONVERSION = YES;
				CLANG_WARN_DEPRECATED_OBJC_IMPLEMENTATIONS = YES;
				CLANG_WARN_DIRECT_OBJC_ISA_USAGE = YES_ERROR;
				CLANG_WARN_DOCUMENTATION_COMMENTS = YES;
				CLANG_WARN_EMPTY_BODY = YES;
				CLANG_WARN_ENUM_CONVERSION = YES;
				CLANG_WARN_INFINITE_RECURSION = YES;
				CLANG_WARN_INT_CONVERSION = YES;
				CLANG_WARN_NON_LITERAL_NULL_CONVERSION = YES;
				CLANG_WARN_OBJC_IMPLICIT_RETAIN_SELF = YES;
				CLANG_WARN_OBJC_LITERAL_CONVERSION = YES;
				CLANG_WARN_OBJC_ROOT_CLASS = YES_ERROR;
				CLANG_WARN_QUOTED_INCLUDE_IN_FRAMEWORK_HEADER = YES;
				CLANG_WARN_RANGE_LOOP_ANALYSIS = YES;
				CLANG_WARN_STRICT_PROTOTYPES = YES;
				CLANG_WARN_SUSPICIOUS_MOVE = YES;
				CLANG_WARN_UNGUARDED_AVAILABILITY = YES_AGGRESSIVE;
				CLANG_WARN_UNREACHABLE_CODE = YES;
				CLANG_WARN__DUPLICATE_METHOD_MATCH = YES;
				COPY_PHASE_STRIP = NO;
				DEBUG_INFORMATION_FORMAT = dwarf;
				ENABLE_STRICT_OBJC_MSGSEND = YES;
				ENABLE_TESTABILITY = YES;
				GCC_C_LANGUAGE_STANDARD = gnu11;
				GCC_DYNAMIC_NO_PIC = NO;
				GCC_NO_COMMON_BLOCKS = YES;
				GCC_OPTIMIZATION_LEVEL = 0;
				GCC_PREPROCESSOR_DEFINITIONS = (
					"DEBUG=1",
					"$(inherited)",
				);
				GCC_WARN_64_TO_32_BIT_CONVERSION = YES;
				GCC_WARN_ABOUT_RETURN_TYPE = YES_ERROR;
				GCC_WARN_UNDECLARED_SELECTOR = YES;
				GCC_WARN_UNINITIALIZED_AUTOS = YES_AGGRESSIVE;
				GCC_WARN_UNUSED_FUNCTION = YES;
				GCC_WARN_UNUSED_VARIABLE = YES;
				IPHONEOS_DEPLOYMENT_TARGET = 15.4;
				MTL_ENABLE_DEBUG_INFO = INCLUDE_SOURCE;
				MTL_FAST_MATH = YES;
				ONLY_ACTIVE_ARCH = YES;
				SDKROOT = iphoneos;
				SWIFT_ACTIVE_COMPILATION_CONDITIONS = DEBUG;
				SWIFT_OPTIMIZATION_LEVEL = "-Onone";
			};
			name = Debug;
		};
		E1E336F2284EB5D300DED8F7 /* Release */ = {
			isa = XCBuildConfiguration;
			buildSettings = {
				ALWAYS_SEARCH_USER_PATHS = NO;
				CLANG_ANALYZER_NONNULL = YES;
				CLANG_ANALYZER_NUMBER_OBJECT_CONVERSION = YES_AGGRESSIVE;
				CLANG_CXX_LANGUAGE_STANDARD = "gnu++17";
				CLANG_ENABLE_MODULES = YES;
				CLANG_ENABLE_OBJC_ARC = YES;
				CLANG_ENABLE_OBJC_WEAK = YES;
				CLANG_WARN_BLOCK_CAPTURE_AUTORELEASING = YES;
				CLANG_WARN_BOOL_CONVERSION = YES;
				CLANG_WARN_COMMA = YES;
				CLANG_WARN_CONSTANT_CONVERSION = YES;
				CLANG_WARN_DEPRECATED_OBJC_IMPLEMENTATIONS = YES;
				CLANG_WARN_DIRECT_OBJC_ISA_USAGE = YES_ERROR;
				CLANG_WARN_DOCUMENTATION_COMMENTS = YES;
				CLANG_WARN_EMPTY_BODY = YES;
				CLANG_WARN_ENUM_CONVERSION = YES;
				CLANG_WARN_INFINITE_RECURSION = YES;
				CLANG_WARN_INT_CONVERSION = YES;
				CLANG_WARN_NON_LITERAL_NULL_CONVERSION = YES;
				CLANG_WARN_OBJC_IMPLICIT_RETAIN_SELF = YES;
				CLANG_WARN_OBJC_LITERAL_CONVERSION = YES;
				CLANG_WARN_OBJC_ROOT_CLASS = YES_ERROR;
				CLANG_WARN_QUOTED_INCLUDE_IN_FRAMEWORK_HEADER = YES;
				CLANG_WARN_RANGE_LOOP_ANALYSIS = YES;
				CLANG_WARN_STRICT_PROTOTYPES = YES;
				CLANG_WARN_SUSPICIOUS_MOVE = YES;
				CLANG_WARN_UNGUARDED_AVAILABILITY = YES_AGGRESSIVE;
				CLANG_WARN_UNREACHABLE_CODE = YES;
				CLANG_WARN__DUPLICATE_METHOD_MATCH = YES;
				COPY_PHASE_STRIP = NO;
				DEBUG_INFORMATION_FORMAT = "dwarf-with-dsym";
				ENABLE_NS_ASSERTIONS = NO;
				ENABLE_STRICT_OBJC_MSGSEND = YES;
				GCC_C_LANGUAGE_STANDARD = gnu11;
				GCC_NO_COMMON_BLOCKS = YES;
				GCC_WARN_64_TO_32_BIT_CONVERSION = YES;
				GCC_WARN_ABOUT_RETURN_TYPE = YES_ERROR;
				GCC_WARN_UNDECLARED_SELECTOR = YES;
				GCC_WARN_UNINITIALIZED_AUTOS = YES_AGGRESSIVE;
				GCC_WARN_UNUSED_FUNCTION = YES;
				GCC_WARN_UNUSED_VARIABLE = YES;
				IPHONEOS_DEPLOYMENT_TARGET = 15.4;
				MTL_ENABLE_DEBUG_INFO = NO;
				MTL_FAST_MATH = YES;
				SDKROOT = iphoneos;
				SWIFT_COMPILATION_MODE = wholemodule;
				SWIFT_OPTIMIZATION_LEVEL = "-O";
				VALIDATE_PRODUCT = YES;
			};
			name = Release;
		};
		E1E336F4284EB5D300DED8F7 /* Debug */ = {
			isa = XCBuildConfiguration;
			buildSettings = {
				ASSETCATALOG_COMPILER_APPICON_NAME = AppIcon;
				ASSETCATALOG_COMPILER_GLOBAL_ACCENT_COLOR_NAME = AccentColor;
				CODE_SIGN_STYLE = Automatic;
				CURRENT_PROJECT_VERSION = 1;
				DEVELOPMENT_TEAM = NRLNKD2QXM;
				GENERATE_INFOPLIST_FILE = YES;
				INFOPLIST_FILE = aula_imagepicker/Info.plist;
				INFOPLIST_KEY_UIApplicationSupportsIndirectInputEvents = YES;
				INFOPLIST_KEY_UILaunchStoryboardName = LaunchScreen;
				INFOPLIST_KEY_UIMainStoryboardFile = Main;
				INFOPLIST_KEY_UISupportedInterfaceOrientations_iPad = "UIInterfaceOrientationPortrait UIInterfaceOrientationPortraitUpsideDown UIInterfaceOrientationLandscapeLeft UIInterfaceOrientationLandscapeRight";
				INFOPLIST_KEY_UISupportedInterfaceOrientations_iPhone = "UIInterfaceOrientationPortrait UIInterfaceOrientationLandscapeLeft UIInterfaceOrientationLandscapeRight";
				LD_RUNPATH_SEARCH_PATHS = (
					"$(inherited)",
					"@executable_path/Frameworks",
				);
				MARKETING_VERSION = 1.0;
				PRODUCT_BUNDLE_IDENTIFIER = "teste.aula-imagepicker";
				PRODUCT_NAME = "$(TARGET_NAME)";
				SWIFT_EMIT_LOC_STRINGS = YES;
				SWIFT_VERSION = 5.0;
				TARGETED_DEVICE_FAMILY = "1,2";
			};
			name = Debug;
		};
		E1E336F5284EB5D300DED8F7 /* Release */ = {
			isa = XCBuildConfiguration;
			buildSettings = {
				ASSETCATALOG_COMPILER_APPICON_NAME = AppIcon;
				ASSETCATALOG_COMPILER_GLOBAL_ACCENT_COLOR_NAME = AccentColor;
				CODE_SIGN_STYLE = Automatic;
				CURRENT_PROJECT_VERSION = 1;
				DEVELOPMENT_TEAM = NRLNKD2QXM;
				GENERATE_INFOPLIST_FILE = YES;
				INFOPLIST_FILE = aula_imagepicker/Info.plist;
				INFOPLIST_KEY_UIApplicationSupportsIndirectInputEvents = YES;
				INFOPLIST_KEY_UILaunchStoryboardName = LaunchScreen;
				INFOPLIST_KEY_UIMainStoryboardFile = Main;
				INFOPLIST_KEY_UISupportedInterfaceOrientations_iPad = "UIInterfaceOrientationPortrait UIInterfaceOrientationPortraitUpsideDown UIInterfaceOrientationLandscapeLeft UIInterfaceOrientationLandscapeRight";
				INFOPLIST_KEY_UISupportedInterfaceOrientations_iPhone = "UIInterfaceOrientationPortrait UIInterfaceOrientationLandscapeLeft UIInterfaceOrientationLandscapeRight";
				LD_RUNPATH_SEARCH_PATHS = (
					"$(inherited)",
					"@executable_path/Frameworks",
				);
				MARKETING_VERSION = 1.0;
				PRODUCT_BUNDLE_IDENTIFIER = "teste.aula-imagepicker";
				PRODUCT_NAME = "$(TARGET_NAME)";
				SWIFT_EMIT_LOC_STRINGS = YES;
				SWIFT_VERSION = 5.0;
				TARGETED_DEVICE_FAMILY = "1,2";
			};
			name = Release;
		};
		E1E336F7284EB5D300DED8F7 /* Debug */ = {
			isa = XCBuildConfiguration;
			buildSettings = {
				ALWAYS_EMBED_SWIFT_STANDARD_LIBRARIES = YES;
				BUNDLE_LOADER = "$(TEST_HOST)";
				CODE_SIGN_STYLE = Automatic;
				CURRENT_PROJECT_VERSION = 1;
				GENERATE_INFOPLIST_FILE = YES;
				IPHONEOS_DEPLOYMENT_TARGET = 15.4;
				MARKETING_VERSION = 1.0;
				PRODUCT_BUNDLE_IDENTIFIER = "teste.aula-imagepickerTests";
				PRODUCT_NAME = "$(TARGET_NAME)";
				SWIFT_EMIT_LOC_STRINGS = NO;
				SWIFT_VERSION = 5.0;
				TARGETED_DEVICE_FAMILY = "1,2";
				TEST_HOST = "$(BUILT_PRODUCTS_DIR)/aula_imagepicker.app/aula_imagepicker";
			};
			name = Debug;
		};
		E1E336F8284EB5D300DED8F7 /* Release */ = {
			isa = XCBuildConfiguration;
			buildSettings = {
				ALWAYS_EMBED_SWIFT_STANDARD_LIBRARIES = YES;
				BUNDLE_LOADER = "$(TEST_HOST)";
				CODE_SIGN_STYLE = Automatic;
				CURRENT_PROJECT_VERSION = 1;
				GENERATE_INFOPLIST_FILE = YES;
				IPHONEOS_DEPLOYMENT_TARGET = 15.4;
				MARKETING_VERSION = 1.0;
				PRODUCT_BUNDLE_IDENTIFIER = "teste.aula-imagepickerTests";
				PRODUCT_NAME = "$(TARGET_NAME)";
				SWIFT_EMIT_LOC_STRINGS = NO;
				SWIFT_VERSION = 5.0;
				TARGETED_DEVICE_FAMILY = "1,2";
				TEST_HOST = "$(BUILT_PRODUCTS_DIR)/aula_imagepicker.app/aula_imagepicker";
			};
			name = Release;
		};
		E1E336FA284EB5D300DED8F7 /* Debug */ = {
			isa = XCBuildConfiguration;
			buildSettings = {
				ALWAYS_EMBED_SWIFT_STANDARD_LIBRARIES = YES;
				CODE_SIGN_STYLE = Automatic;
				CURRENT_PROJECT_VERSION = 1;
				GENERATE_INFOPLIST_FILE = YES;
				MARKETING_VERSION = 1.0;
				PRODUCT_BUNDLE_IDENTIFIER = "teste.aula-imagepickerUITests";
				PRODUCT_NAME = "$(TARGET_NAME)";
				SWIFT_EMIT_LOC_STRINGS = NO;
				SWIFT_VERSION = 5.0;
				TARGETED_DEVICE_FAMILY = "1,2";
				TEST_TARGET_NAME = aula_imagepicker;
			};
			name = Debug;
		};
		E1E336FB284EB5D300DED8F7 /* Release */ = {
			isa = XCBuildConfiguration;
			buildSettings = {
				ALWAYS_EMBED_SWIFT_STANDARD_LIBRARIES = YES;
				CODE_SIGN_STYLE = Automatic;
				CURRENT_PROJECT_VERSION = 1;
				GENERATE_INFOPLIST_FILE = YES;
				MARKETING_VERSION = 1.0;
				PRODUCT_BUNDLE_IDENTIFIER = "teste.aula-imagepickerUITests";
				PRODUCT_NAME = "$(TARGET_NAME)";
				SWIFT_EMIT_LOC_STRINGS = NO;
				SWIFT_VERSION = 5.0;
				TARGETED_DEVICE_FAMILY = "1,2";
				TEST_TARGET_NAME = aula_imagepicker;
			};
			name = Release;
		};
/* End XCBuildConfiguration section */

/* Begin XCConfigurationList section */
		E1E336C4284EB5CE00DED8F7 /* Build configuration list for PBXProject "aula_imagepicker" */ = {
			isa = XCConfigurationList;
			buildConfigurations = (
				E1E336F1284EB5D300DED8F7 /* Debug */,
				E1E336F2284EB5D300DED8F7 /* Release */,
			);
			defaultConfigurationIsVisible = 0;
			defaultConfigurationName = Release;
		};
		E1E336F3284EB5D300DED8F7 /* Build configuration list for PBXNativeTarget "aula_imagepicker" */ = {
			isa = XCConfigurationList;
			buildConfigurations = (
				E1E336F4284EB5D300DED8F7 /* Debug */,
				E1E336F5284EB5D300DED8F7 /* Release */,
			);
			defaultConfigurationIsVisible = 0;
			defaultConfigurationName = Release;
		};
		E1E336F6284EB5D300DED8F7 /* Build configuration list for PBXNativeTarget "aula_imagepickerTests" */ = {
			isa = XCConfigurationList;
			buildConfigurations = (
				E1E336F7284EB5D300DED8F7 /* Debug */,
				E1E336F8284EB5D300DED8F7 /* Release */,
			);
			defaultConfigurationIsVisible = 0;
			defaultConfigurationName = Release;
		};
		E1E336F9284EB5D300DED8F7 /* Build configuration list for PBXNativeTarget "aula_imagepickerUITests" */ = {
			isa = XCConfigurationList;
			buildConfigurations = (
				E1E336FA284EB5D300DED8F7 /* Debug */,
				E1E336FB284EB5D300DED8F7 /* Release */,
			);
			defaultConfigurationIsVisible = 0;
			defaultConfigurationName = Release;
		};
/* End XCConfigurationList section */
	};
	rootObject = E1E336C1284EB5CE00DED8F7 /* Project object */;
}
